// !$*UTF8*$!
{
	archiveVersion = 1;
	classes = {
	};
	objectVersion = 50;
	objects = {

/* Begin PBXBuildFile section */
		ACA50D8C24913FF000914EAF /* AppDelegate.swift in Sources */ = {isa = PBXBuildFile; fileRef = ACA50D8B24913FF000914EAF /* AppDelegate.swift */; };
		ACA50D8E24913FF000914EAF /* ViewController.swift in Sources */ = {isa = PBXBuildFile; fileRef = ACA50D8D24913FF000914EAF /* ViewController.swift */; };
		ACA50D9024913FF100914EAF /* Assets.xcassets in Resources */ = {isa = PBXBuildFile; fileRef = ACA50D8F24913FF100914EAF /* Assets.xcassets */; };
		ACA50D9324913FF100914EAF /* Main.storyboard in Resources */ = {isa = PBXBuildFile; fileRef = ACA50D9124913FF100914EAF /* Main.storyboard */; };
		ACA50D9F24913FF100914EAF /* CouchbaseMacTests.swift in Sources */ = {isa = PBXBuildFile; fileRef = ACA50D9E24913FF100914EAF /* CouchbaseMacTests.swift */; };
		ACA50DAA24913FF100914EAF /* CouchbaseMacUITests.swift in Sources */ = {isa = PBXBuildFile; fileRef = ACA50DA924913FF100914EAF /* CouchbaseMacUITests.swift */; };
/* End PBXBuildFile section */

/* Begin PBXContainerItemProxy section */
		ACA50D9B24913FF100914EAF /* PBXContainerItemProxy */ = {
			isa = PBXContainerItemProxy;
			containerPortal = ACA50D8024913FF000914EAF /* Project object */;
			proxyType = 1;
			remoteGlobalIDString = ACA50D8724913FF000914EAF;
			remoteInfo = CouchbaseMac;
		};
		ACA50DA624913FF100914EAF /* PBXContainerItemProxy */ = {
			isa = PBXContainerItemProxy;
			containerPortal = ACA50D8024913FF000914EAF /* Project object */;
			proxyType = 1;
			remoteGlobalIDString = ACA50D8724913FF000914EAF;
			remoteInfo = CouchbaseMac;
		};
/* End PBXContainerItemProxy section */

/* Begin PBXFileReference section */
		ACA50D8824913FF000914EAF /* CouchbaseMac.app */ = {isa = PBXFileReference; explicitFileType = wrapper.application; includeInIndex = 0; path = CouchbaseMac.app; sourceTree = BUILT_PRODUCTS_DIR; };
		ACA50D8B24913FF000914EAF /* AppDelegate.swift */ = {isa = PBXFileReference; lastKnownFileType = sourcecode.swift; path = AppDelegate.swift; sourceTree = "<group>"; };
		ACA50D8D24913FF000914EAF /* ViewController.swift */ = {isa = PBXFileReference; lastKnownFileType = sourcecode.swift; path = ViewController.swift; sourceTree = "<group>"; };
		ACA50D8F24913FF100914EAF /* Assets.xcassets */ = {isa = PBXFileReference; lastKnownFileType = folder.assetcatalog; path = Assets.xcassets; sourceTree = "<group>"; };
		ACA50D9224913FF100914EAF /* Base */ = {isa = PBXFileReference; lastKnownFileType = file.storyboard; name = Base; path = Base.lproj/Main.storyboard; sourceTree = "<group>"; };
		ACA50D9424913FF100914EAF /* Info.plist */ = {isa = PBXFileReference; lastKnownFileType = text.plist.xml; path = Info.plist; sourceTree = "<group>"; };
		ACA50D9524913FF100914EAF /* CouchbaseMac.entitlements */ = {isa = PBXFileReference; lastKnownFileType = text.plist.entitlements; path = CouchbaseMac.entitlements; sourceTree = "<group>"; };
		ACA50D9A24913FF100914EAF /* CouchbaseMacTests.xctest */ = {isa = PBXFileReference; explicitFileType = wrapper.cfbundle; includeInIndex = 0; path = CouchbaseMacTests.xctest; sourceTree = BUILT_PRODUCTS_DIR; };
		ACA50D9E24913FF100914EAF /* CouchbaseMacTests.swift */ = {isa = PBXFileReference; lastKnownFileType = sourcecode.swift; path = CouchbaseMacTests.swift; sourceTree = "<group>"; };
		ACA50DA024913FF100914EAF /* Info.plist */ = {isa = PBXFileReference; lastKnownFileType = text.plist.xml; path = Info.plist; sourceTree = "<group>"; };
		ACA50DA524913FF100914EAF /* CouchbaseMacUITests.xctest */ = {isa = PBXFileReference; explicitFileType = wrapper.cfbundle; includeInIndex = 0; path = CouchbaseMacUITests.xctest; sourceTree = BUILT_PRODUCTS_DIR; };
		ACA50DA924913FF100914EAF /* CouchbaseMacUITests.swift */ = {isa = PBXFileReference; lastKnownFileType = sourcecode.swift; path = CouchbaseMacUITests.swift; sourceTree = "<group>"; };
		ACA50DAB24913FF100914EAF /* Info.plist */ = {isa = PBXFileReference; lastKnownFileType = text.plist.xml; path = Info.plist; sourceTree = "<group>"; };
/* End PBXFileReference section */

/* Begin PBXFrameworksBuildPhase section */
		ACA50D8524913FF000914EAF /* Frameworks */ = {
			isa = PBXFrameworksBuildPhase;
			buildActionMask = 2147483647;
			files = (
			);
			runOnlyForDeploymentPostprocessing = 0;
		};
		ACA50D9724913FF100914EAF /* Frameworks */ = {
			isa = PBXFrameworksBuildPhase;
			buildActionMask = 2147483647;
			files = (
			);
			runOnlyForDeploymentPostprocessing = 0;
		};
		ACA50DA224913FF100914EAF /* Frameworks */ = {
			isa = PBXFrameworksBuildPhase;
			buildActionMask = 2147483647;
			files = (
			);
			runOnlyForDeploymentPostprocessing = 0;
		};
/* End PBXFrameworksBuildPhase section */

/* Begin PBXGroup section */
		ACA50D7F24913FF000914EAF = {
			isa = PBXGroup;
			children = (
				ACA50D8A24913FF000914EAF /* CouchbaseMac */,
				ACA50D9D24913FF100914EAF /* CouchbaseMacTests */,
				ACA50DA824913FF100914EAF /* CouchbaseMacUITests */,
				ACA50D8924913FF000914EAF /* Products */,
			);
			sourceTree = "<group>";
		};
		ACA50D8924913FF000914EAF /* Products */ = {
			isa = PBXGroup;
			children = (
				ACA50D8824913FF000914EAF /* CouchbaseMac.app */,
				ACA50D9A24913FF100914EAF /* CouchbaseMacTests.xctest */,
				ACA50DA524913FF100914EAF /* CouchbaseMacUITests.xctest */,
			);
			name = Products;
			sourceTree = "<group>";
		};
		ACA50D8A24913FF000914EAF /* CouchbaseMac */ = {
			isa = PBXGroup;
			children = (
				ACA50D8B24913FF000914EAF /* AppDelegate.swift */,
				ACA50D8D24913FF000914EAF /* ViewController.swift */,
				ACA50D8F24913FF100914EAF /* Assets.xcassets */,
				ACA50D9124913FF100914EAF /* Main.storyboard */,
				ACA50D9424913FF100914EAF /* Info.plist */,
				ACA50D9524913FF100914EAF /* CouchbaseMac.entitlements */,
			);
			path = CouchbaseMac;
			sourceTree = "<group>";
		};
		ACA50D9D24913FF100914EAF /* CouchbaseMacTests */ = {
			isa = PBXGroup;
			children = (
				ACA50D9E24913FF100914EAF /* CouchbaseMacTests.swift */,
				ACA50DA024913FF100914EAF /* Info.plist */,
			);
			path = CouchbaseMacTests;
			sourceTree = "<group>";
		};
		ACA50DA824913FF100914EAF /* CouchbaseMacUITests */ = {
			isa = PBXGroup;
			children = (
				ACA50DA924913FF100914EAF /* CouchbaseMacUITests.swift */,
				ACA50DAB24913FF100914EAF /* Info.plist */,
			);
			path = CouchbaseMacUITests;
			sourceTree = "<group>";
		};
/* End PBXGroup section */

/* Begin PBXNativeTarget section */
		ACA50D8724913FF000914EAF /* CouchbaseMac */ = {
			isa = PBXNativeTarget;
			buildConfigurationList = ACA50DAE24913FF100914EAF /* Build configuration list for PBXNativeTarget "CouchbaseMac" */;
			buildPhases = (
				ACA50D8424913FF000914EAF /* Sources */,
				ACA50D8524913FF000914EAF /* Frameworks */,
				ACA50D8624913FF000914EAF /* Resources */,
			);
			buildRules = (
			);
			dependencies = (
			);
			name = CouchbaseMac;
			productName = CouchbaseMac;
			productReference = ACA50D8824913FF000914EAF /* CouchbaseMac.app */;
			productType = "com.apple.product-type.application";
		};
		ACA50D9924913FF100914EAF /* CouchbaseMacTests */ = {
			isa = PBXNativeTarget;
			buildConfigurationList = ACA50DB124913FF100914EAF /* Build configuration list for PBXNativeTarget "CouchbaseMacTests" */;
			buildPhases = (
				ACA50D9624913FF100914EAF /* Sources */,
				ACA50D9724913FF100914EAF /* Frameworks */,
				ACA50D9824913FF100914EAF /* Resources */,
			);
			buildRules = (
			);
			dependencies = (
				ACA50D9C24913FF100914EAF /* PBXTargetDependency */,
			);
			name = CouchbaseMacTests;
			productName = CouchbaseMacTests;
			productReference = ACA50D9A24913FF100914EAF /* CouchbaseMacTests.xctest */;
			productType = "com.apple.product-type.bundle.unit-test";
		};
		ACA50DA424913FF100914EAF /* CouchbaseMacUITests */ = {
			isa = PBXNativeTarget;
			buildConfigurationList = ACA50DB424913FF100914EAF /* Build configuration list for PBXNativeTarget "CouchbaseMacUITests" */;
			buildPhases = (
				ACA50DA124913FF100914EAF /* Sources */,
				ACA50DA224913FF100914EAF /* Frameworks */,
				ACA50DA324913FF100914EAF /* Resources */,
			);
			buildRules = (
			);
			dependencies = (
				ACA50DA724913FF100914EAF /* PBXTargetDependency */,
			);
			name = CouchbaseMacUITests;
			productName = CouchbaseMacUITests;
			productReference = ACA50DA524913FF100914EAF /* CouchbaseMacUITests.xctest */;
			productType = "com.apple.product-type.bundle.ui-testing";
		};
/* End PBXNativeTarget section */

/* Begin PBXProject section */
		ACA50D8024913FF000914EAF /* Project object */ = {
			isa = PBXProject;
			attributes = {
				LastSwiftUpdateCheck = 1150;
				LastUpgradeCheck = 1150;
				ORGANIZATIONNAME = "Srinivas Prabhu G";
				TargetAttributes = {
					ACA50D8724913FF000914EAF = {
						CreatedOnToolsVersion = 11.5;
					};
					ACA50D9924913FF100914EAF = {
						CreatedOnToolsVersion = 11.5;
						TestTargetID = ACA50D8724913FF000914EAF;
					};
					ACA50DA424913FF100914EAF = {
						CreatedOnToolsVersion = 11.5;
						TestTargetID = ACA50D8724913FF000914EAF;
					};
				};
			};
			buildConfigurationList = ACA50D8324913FF000914EAF /* Build configuration list for PBXProject "CouchbaseMac" */;
			compatibilityVersion = "Xcode 9.3";
			developmentRegion = en;
			hasScannedForEncodings = 0;
			knownRegions = (
				en,
				Base,
			);
			mainGroup = ACA50D7F24913FF000914EAF;
			productRefGroup = ACA50D8924913FF000914EAF /* Products */;
			projectDirPath = "";
			projectRoot = "";
			targets = (
				ACA50D8724913FF000914EAF /* CouchbaseMac */,
				ACA50D9924913FF100914EAF /* CouchbaseMacTests */,
				ACA50DA424913FF100914EAF /* CouchbaseMacUITests */,
			);
		};
/* End PBXProject section */

/* Begin PBXResourcesBuildPhase section */
		ACA50D8624913FF000914EAF /* Resources */ = {
			isa = PBXResourcesBuildPhase;
			buildActionMask = 2147483647;
			files = (
				ACA50D9024913FF100914EAF /* Assets.xcassets in Resources */,
				ACA50D9324913FF100914EAF /* Main.storyboard in Resources */,
			);
			runOnlyForDeploymentPostprocessing = 0;
		};
		ACA50D9824913FF100914EAF /* Resources */ = {
			isa = PBXResourcesBuildPhase;
			buildActionMask = 2147483647;
			files = (
			);
			runOnlyForDeploymentPostprocessing = 0;
		};
		ACA50DA324913FF100914EAF /* Resources */ = {
			isa = PBXResourcesBuildPhase;
			buildActionMask = 2147483647;
			files = (
			);
			runOnlyForDeploymentPostprocessing = 0;
		};
/* End PBXResourcesBuildPhase section */

/* Begin PBXSourcesBuildPhase section */
		ACA50D8424913FF000914EAF /* Sources */ = {
			isa = PBXSourcesBuildPhase;
			buildActionMask = 2147483647;
			files = (
				ACA50D8E24913FF000914EAF /* ViewController.swift in Sources */,
				ACA50D8C24913FF000914EAF /* AppDelegate.swift in Sources */,
			);
			runOnlyForDeploymentPostprocessing = 0;
		};
		ACA50D9624913FF100914EAF /* Sources */ = {
			isa = PBXSourcesBuildPhase;
			buildActionMask = 2147483647;
			files = (
				ACA50D9F24913FF100914EAF /* CouchbaseMacTests.swift in Sources */,
			);
			runOnlyForDeploymentPostprocessing = 0;
		};
		ACA50DA124913FF100914EAF /* Sources */ = {
			isa = PBXSourcesBuildPhase;
			buildActionMask = 2147483647;
			files = (
				ACA50DAA24913FF100914EAF /* CouchbaseMacUITests.swift in Sources */,
			);
			runOnlyForDeploymentPostprocessing = 0;
		};
/* End PBXSourcesBuildPhase section */

/* Begin PBXTargetDependency section */
		ACA50D9C24913FF100914EAF /* PBXTargetDependency */ = {
			isa = PBXTargetDependency;
			target = ACA50D8724913FF000914EAF /* CouchbaseMac */;
			targetProxy = ACA50D9B24913FF100914EAF /* PBXContainerItemProxy */;
		};
		ACA50DA724913FF100914EAF /* PBXTargetDependency */ = {
			isa = PBXTargetDependency;
			target = ACA50D8724913FF000914EAF /* CouchbaseMac */;
			targetProxy = ACA50DA624913FF100914EAF /* PBXContainerItemProxy */;
		};
/* End PBXTargetDependency section */

/* Begin PBXVariantGroup section */
		ACA50D9124913FF100914EAF /* Main.storyboard */ = {
			isa = PBXVariantGroup;
			children = (
				ACA50D9224913FF100914EAF /* Base */,
			);
			name = Main.storyboard;
			sourceTree = "<group>";
		};
/* End PBXVariantGroup section */

/* Begin XCBuildConfiguration section */
		ACA50DAC24913FF100914EAF /* Debug */ = {
			isa = XCBuildConfiguration;
			buildSettings = {
				ALWAYS_SEARCH_USER_PATHS = NO;
				CLANG_ANALYZER_NONNULL = YES;
				CLANG_ANALYZER_NUMBER_OBJECT_CONVERSION = YES_AGGRESSIVE;
				CLANG_CXX_LANGUAGE_STANDARD = "gnu++14";
				CLANG_CXX_LIBRARY = "libc++";
				CLANG_ENABLE_MODULES = YES;
				CLANG_ENABLE_OBJC_ARC = YES;
				CLANG_ENABLE_OBJC_WEAK = YES;
				CLANG_WARN_BLOCK_CAPTURE_AUTORELEASING = YES;
				CLANG_WARN_BOOL_CONVERSION = YES;
				CLANG_WARN_COMMA = YES;
				CLANG_WARN_CONSTANT_CONVERSION = YES;
				CLANG_WARN_DEPRECATED_OBJC_IMPLEMENTATIONS = YES;
				CLANG_WARN_DIRECT_OBJC_ISA_USAGE = YES_ERROR;
				CLANG_WARN_DOCUMENTATION_COMMENTS = YES;
				CLANG_WARN_EMPTY_BODY = YES;
				CLANG_WARN_ENUM_CONVERSION = YES;
				CLANG_WARN_INFINITE_RECURSION = YES;
				CLANG_WARN_INT_CONVERSION = YES;
				CLANG_WARN_NON_LITERAL_NULL_CONVERSION = YES;
				CLANG_WARN_OBJC_IMPLICIT_RETAIN_SELF = YES;
				CLANG_WARN_OBJC_LITERAL_CONVERSION = YES;
				CLANG_WARN_OBJC_ROOT_CLASS = YES_ERROR;
				CLANG_WARN_RANGE_LOOP_ANALYSIS = YES;
				CLANG_WARN_STRICT_PROTOTYPES = YES;
				CLANG_WARN_SUSPICIOUS_MOVE = YES;
				CLANG_WARN_UNGUARDED_AVAILABILITY = YES_AGGRESSIVE;
				CLANG_WARN_UNREACHABLE_CODE = YES;
				CLANG_WARN__DUPLICATE_METHOD_MATCH = YES;
				COPY_PHASE_STRIP = NO;
				DEBUG_INFORMATION_FORMAT = dwarf;
				ENABLE_STRICT_OBJC_MSGSEND = YES;
				ENABLE_TESTABILITY = YES;
				GCC_C_LANGUAGE_STANDARD = gnu11;
				GCC_DYNAMIC_NO_PIC = NO;
				GCC_NO_COMMON_BLOCKS = YES;
				GCC_OPTIMIZATION_LEVEL = 0;
				GCC_PREPROCESSOR_DEFINITIONS = (
					"DEBUG=1",
					"$(inherited)",
				);
				GCC_WARN_64_TO_32_BIT_CONVERSION = YES;
				GCC_WARN_ABOUT_RETURN_TYPE = YES_ERROR;
				GCC_WARN_UNDECLARED_SELECTOR = YES;
				GCC_WARN_UNINITIALIZED_AUTOS = YES_AGGRESSIVE;
				GCC_WARN_UNUSED_FUNCTION = YES;
				GCC_WARN_UNUSED_VARIABLE = YES;
				MACOSX_DEPLOYMENT_TARGET = 10.15;
				MTL_ENABLE_DEBUG_INFO = INCLUDE_SOURCE;
				MTL_FAST_MATH = YES;
				ONLY_ACTIVE_ARCH = YES;
				SDKROOT = macosx;
				SWIFT_ACTIVE_COMPILATION_CONDITIONS = DEBUG;
				SWIFT_OPTIMIZATION_LEVEL = "-Onone";
			};
			name = Debug;
		};
		ACA50DAD24913FF100914EAF /* Release */ = {
			isa = XCBuildConfiguration;
			buildSettings = {
				ALWAYS_SEARCH_USER_PATHS = NO;
				CLANG_ANALYZER_NONNULL = YES;
				CLANG_ANALYZER_NUMBER_OBJECT_CONVERSION = YES_AGGRESSIVE;
				CLANG_CXX_LANGUAGE_STANDARD = "gnu++14";
				CLANG_CXX_LIBRARY = "libc++";
				CLANG_ENABLE_MODULES = YES;
				CLANG_ENABLE_OBJC_ARC = YES;
				CLANG_ENABLE_OBJC_WEAK = YES;
				CLANG_WARN_BLOCK_CAPTURE_AUTORELEASING = YES;
				CLANG_WARN_BOOL_CONVERSION = YES;
				CLANG_WARN_COMMA = YES;
				CLANG_WARN_CONSTANT_CONVERSION = YES;
				CLANG_WARN_DEPRECATED_OBJC_IMPLEMENTATIONS = YES;
				CLANG_WARN_DIRECT_OBJC_ISA_USAGE = YES_ERROR;
				CLANG_WARN_DOCUMENTATION_COMMENTS = YES;
				CLANG_WARN_EMPTY_BODY = YES;
				CLANG_WARN_ENUM_CONVERSION = YES;
				CLANG_WARN_INFINITE_RECURSION = YES;
				CLANG_WARN_INT_CONVERSION = YES;
				CLANG_WARN_NON_LITERAL_NULL_CONVERSION = YES;
				CLANG_WARN_OBJC_IMPLICIT_RETAIN_SELF = YES;
				CLANG_WARN_OBJC_LITERAL_CONVERSION = YES;
				CLANG_WARN_OBJC_ROOT_CLASS = YES_ERROR;
				CLANG_WARN_RANGE_LOOP_ANALYSIS = YES;
				CLANG_WARN_STRICT_PROTOTYPES = YES;
				CLANG_WARN_SUSPICIOUS_MOVE = YES;
				CLANG_WARN_UNGUARDED_AVAILABILITY = YES_AGGRESSIVE;
				CLANG_WARN_UNREACHABLE_CODE = YES;
				CLANG_WARN__DUPLICATE_METHOD_MATCH = YES;
				COPY_PHASE_STRIP = NO;
				DEBUG_INFORMATION_FORMAT = "dwarf-with-dsym";
				ENABLE_NS_ASSERTIONS = NO;
				ENABLE_STRICT_OBJC_MSGSEND = YES;
				GCC_C_LANGUAGE_STANDARD = gnu11;
				GCC_NO_COMMON_BLOCKS = YES;
				GCC_WARN_64_TO_32_BIT_CONVERSION = YES;
				GCC_WARN_ABOUT_RETURN_TYPE = YES_ERROR;
				GCC_WARN_UNDECLARED_SELECTOR = YES;
				GCC_WARN_UNINITIALIZED_AUTOS = YES_AGGRESSIVE;
				GCC_WARN_UNUSED_FUNCTION = YES;
				GCC_WARN_UNUSED_VARIABLE = YES;
				MACOSX_DEPLOYMENT_TARGET = 10.15;
				MTL_ENABLE_DEBUG_INFO = NO;
				MTL_FAST_MATH = YES;
				SDKROOT = macosx;
				SWIFT_COMPILATION_MODE = wholemodule;
				SWIFT_OPTIMIZATION_LEVEL = "-O";
			};
			name = Release;
		};
		ACA50DAF24913FF100914EAF /* Debug */ = {
			isa = XCBuildConfiguration;
			buildSettings = {
				ASSETCATALOG_COMPILER_APPICON_NAME = AppIcon;
				CODE_SIGN_ENTITLEMENTS = CouchbaseMac/CouchbaseMac.entitlements;
				CODE_SIGN_STYLE = Automatic;
				COMBINE_HIDPI_IMAGES = YES;
				INFOPLIST_FILE = CouchbaseMac/Info.plist;
				LD_RUNPATH_SEARCH_PATHS = (
					"$(inherited)",
					"@executable_path/../Frameworks",
				);
				PRODUCT_BUNDLE_IDENTIFIER = codezyng.CouchbaseMac;
				PRODUCT_NAME = "$(TARGET_NAME)";
				SWIFT_VERSION = 5.0;
			};
			name = Debug;
		};
		ACA50DB024913FF100914EAF /* Release */ = {
			isa = XCBuildConfiguration;
			buildSettings = {
				ASSETCATALOG_COMPILER_APPICON_NAME = AppIcon;
				CODE_SIGN_ENTITLEMENTS = CouchbaseMac/CouchbaseMac.entitlements;
				CODE_SIGN_STYLE = Automatic;
				COMBINE_HIDPI_IMAGES = YES;
				INFOPLIST_FILE = CouchbaseMac/Info.plist;
				LD_RUNPATH_SEARCH_PATHS = (
					"$(inherited)",
					"@executable_path/../Frameworks",
				);
				PRODUCT_BUNDLE_IDENTIFIER = codezyng.CouchbaseMac;
				PRODUCT_NAME = "$(TARGET_NAME)";
				SWIFT_VERSION = 5.0;
			};
			name = Release;
		};
		ACA50DB224913FF100914EAF /* Debug */ = {
			isa = XCBuildConfiguration;
			buildSettings = {
				ALWAYS_EMBED_SWIFT_STANDARD_LIBRARIES = YES;
				BUNDLE_LOADER = "$(TEST_HOST)";
				CODE_SIGN_STYLE = Automatic;
				COMBINE_HIDPI_IMAGES = YES;
				INFOPLIST_FILE = CouchbaseMacTests/Info.plist;
				LD_RUNPATH_SEARCH_PATHS = (
					"$(inherited)",
					"@executable_path/../Frameworks",
					"@loader_path/../Frameworks",
				);
				MACOSX_DEPLOYMENT_TARGET = 10.15;
				PRODUCT_BUNDLE_IDENTIFIER = codezyng.CouchbaseMacTests;
				PRODUCT_NAME = "$(TARGET_NAME)";
				SWIFT_VERSION = 5.0;
				TEST_HOST = "$(BUILT_PRODUCTS_DIR)/CouchbaseMac.app/Contents/MacOS/CouchbaseMac";
			};
			name = Debug;
		};
		ACA50DB324913FF100914EAF /* Release */ = {
			isa = XCBuildConfiguration;
			buildSettings = {
				ALWAYS_EMBED_SWIFT_STANDARD_LIBRARIES = YES;
				BUNDLE_LOADER = "$(TEST_HOST)";
				CODE_SIGN_STYLE = Automatic;
				COMBINE_HIDPI_IMAGES = YES;
				INFOPLIST_FILE = CouchbaseMacTests/Info.plist;
				LD_RUNPATH_SEARCH_PATHS = (
					"$(inherited)",
					"@executable_path/../Frameworks",
					"@loader_path/../Frameworks",
				);
				MACOSX_DEPLOYMENT_TARGET = 10.15;
				PRODUCT_BUNDLE_IDENTIFIER = codezyng.CouchbaseMacTests;
				PRODUCT_NAME = "$(TARGET_NAME)";
				SWIFT_VERSION = 5.0;
				TEST_HOST = "$(BUILT_PRODUCTS_DIR)/CouchbaseMac.app/Contents/MacOS/CouchbaseMac";
			};
			name = Release;
		};
		ACA50DB524913FF100914EAF /* Debug */ = {
			isa = XCBuildConfiguration;
			buildSettings = {
				ALWAYS_EMBED_SWIFT_STANDARD_LIBRARIES = YES;
				CODE_SIGN_STYLE = Automatic;
				COMBINE_HIDPI_IMAGES = YES;
				INFOPLIST_FILE = CouchbaseMacUITests/Info.plist;
				LD_RUNPATH_SEARCH_PATHS = (
					"$(inherited)",
					"@executable_path/../Frameworks",
					"@loader_path/../Frameworks",
				);
				PRODUCT_BUNDLE_IDENTIFIER = codezyng.CouchbaseMacUITests;
				PRODUCT_NAME = "$(TARGET_NAME)";
				SWIFT_VERSION = 5.0;
				TEST_TARGET_NAME = CouchbaseMac;
			};
			name = Debug;
		};
		ACA50DB624913FF100914EAF /* Release */ = {
			isa = XCBuildConfiguration;
			buildSettings = {
				ALWAYS_EMBED_SWIFT_STANDARD_LIBRARIES = YES;
				CODE_SIGN_STYLE = Automatic;
				COMBINE_HIDPI_IMAGES = YES;
				INFOPLIST_FILE = CouchbaseMacUITests/Info.plist;
				LD_RUNPATH_SEARCH_PATHS = (
					"$(inherited)",
					"@executable_path/../Frameworks",
					"@loader_path/../Frameworks",
				);
				PRODUCT_BUNDLE_IDENTIFIER = codezyng.CouchbaseMacUITests;
				PRODUCT_NAME = "$(TARGET_NAME)";
				SWIFT_VERSION = 5.0;
				TEST_TARGET_NAME = CouchbaseMac;
			};
			name = Release;
		};
/* End XCBuildConfiguration section */

/* Begin XCConfigurationList section */
		ACA50D8324913FF000914EAF /* Build configuration list for PBXProject "CouchbaseMac" */ = {
			isa = XCConfigurationList;
			buildConfigurations = (
				ACA50DAC24913FF100914EAF /* Debug */,
				ACA50DAD24913FF100914EAF /* Release */,
			);
			defaultConfigurationIsVisible = 0;
			defaultConfigurationName = Release;
		};
		ACA50DAE24913FF100914EAF /* Build configuration list for PBXNativeTarget "CouchbaseMac" */ = {
			isa = XCConfigurationList;
			buildConfigurations = (
				ACA50DAF24913FF100914EAF /* Debug */,
				ACA50DB024913FF100914EAF /* Release */,
			);
			defaultConfigurationIsVisible = 0;
			defaultConfigurationName = Release;
		};
		ACA50DB124913FF100914EAF /* Build configuration list for PBXNativeTarget "CouchbaseMacTests" */ = {
			isa = XCConfigurationList;
			buildConfigurations = (
				ACA50DB224913FF100914EAF /* Debug */,
				ACA50DB324913FF100914EAF /* Release */,
			);
			defaultConfigurationIsVisible = 0;
			defaultConfigurationName = Release;
		};
		ACA50DB424913FF100914EAF /* Build configuration list for PBXNativeTarget "CouchbaseMacUITests" */ = {
			isa = XCConfigurationList;
			buildConfigurations = (
				ACA50DB524913FF100914EAF /* Debug */,
				ACA50DB624913FF100914EAF /* Release */,
			);
			defaultConfigurationIsVisible = 0;
			defaultConfigurationName = Release;
		};
/* End XCConfigurationList section */
	};
	rootObject = ACA50D8024913FF000914EAF /* Project object */;
}
